
Microsoft Visual Studio Solution File, Format Version 12.00
# Visual Studio Version 17
VisualStudioVersion = 17.0.31903.59
MinimumVisualStudioVersion = 10.0.40219.1
Project("{2150E333-8FDC-42A3-9474-1A3956D46DE8}") = "Sample", "Sample", "{9A7EFAFD-96E8-4CC8-9694-38F3305B5D39}"
EndProject
Project("{2150E333-8FDC-42A3-9474-1A3956D46DE8}") = "Modules", "Modules", "{D7F84EF2-1325-4849-9F8D-4F569AAF425F}"
EndProject
Project("{2150E333-8FDC-42A3-9474-1A3956D46DE8}") = "Identities", "Identities", "{C7D36C91-FDC9-40E5-9E68-C24F359686E7}"
EndProject
Project("{2150E333-8FDC-42A3-9474-1A3956D46DE8}") = "Source", "Source", "{BD38B93F-E27E-45CF-AD25-947736DAD05B}"
EndProject
Project("{9A19103F-16F7-4668-BE54-9A1E7A4F7556}") = "BuildingBlocks.Domain", "source\Domain\BuildingBlocks.Domain.csproj", "{D9994AFF-0F26-4282-9EB0-8598A967C974}"
EndProject
Project("{9A19103F-16F7-4668-BE54-9A1E7A4F7556}") = "BuildingBlocks.Application", "source\Application\BuildingBlocks.Application.csproj", "{9DF5093C-38DC-4EC7-9A0C-7D92433E59D2}"
EndProject
Project("{9A19103F-16F7-4668-BE54-9A1E7A4F7556}") = "BuildingBlocks.Infrastructure", "source\Infrastructure\BuildingBlocks.Infrastructure.csproj", "{B0E27464-157E-4FE0-BD91-E86A423C76E4}"
EndProject
Project("{9A19103F-16F7-4668-BE54-9A1E7A4F7556}") = "BuildingBlocks.Startup", "source\Startup\BuildingBlocks.Startup.csproj", "{87AA9BD8-B91D-44EE-A58B-2991BA270338}"
EndProject
Project("{9A19103F-16F7-4668-BE54-9A1E7A4F7556}") = "Identities.Domain", "sample\Modules\Identities\Domain\Identities.Domain.csproj", "{F59C7A57-7EB0-4114-8B86-E4779DA7D965}"
EndProject
Project("{9A19103F-16F7-4668-BE54-9A1E7A4F7556}") = "Identities.Application", "sample\Modules\Identities\Application\Identities.Application.csproj", "{1590D7DA-B6AD-457A-A03A-956E10D44EB9}"
EndProject
Project("{9A19103F-16F7-4668-BE54-9A1E7A4F7556}") = "Identities.Infrastructure", "sample\Modules\Identities\Infrastructure\Identities.Infrastructure.csproj", "{EC72130F-A869-4B6E-9C60-FFEF37AE372E}"
EndProject
Project("{9A19103F-16F7-4668-BE54-9A1E7A4F7556}") = "Identities.Startup", "sample\Modules\Identities\Startup\Identities.Startup.csproj", "{1502F59C-1B4F-40A7-9A97-08BA65E997EB}"
EndProject
Project("{9A19103F-16F7-4668-BE54-9A1E7A4F7556}") = "WebApi", "sample\WebApi\WebApi.csproj", "{23106096-DEFD-4D38-8959-081E342D6918}"
EndProject
Global
	GlobalSection(SolutionConfigurationPlatforms) = preSolution
		Debug|Any CPU = Debug|Any CPU
		Release|Any CPU = Release|Any CPU
	EndGlobalSection
	GlobalSection(ProjectConfigurationPlatforms) = postSolution
		{D9994AFF-0F26-4282-9EB0-8598A967C974}.Debug|Any CPU.ActiveCfg = Debug|Any CPU
		{D9994AFF-0F26-4282-9EB0-8598A967C974}.Debug|Any CPU.Build.0 = Debug|Any CPU
		{D9994AFF-0F26-4282-9EB0-8598A967C974}.Release|Any CPU.ActiveCfg = Release|Any CPU
		{D9994AFF-0F26-4282-9EB0-8598A967C974}.Release|Any CPU.Build.0 = Release|Any CPU
		{9DF5093C-38DC-4EC7-9A0C-7D92433E59D2}.Debug|Any CPU.ActiveCfg = Debug|Any CPU
		{9DF5093C-38DC-4EC7-9A0C-7D92433E59D2}.Debug|Any CPU.Build.0 = Debug|Any CPU
		{9DF5093C-38DC-4EC7-9A0C-7D92433E59D2}.Release|Any CPU.ActiveCfg = Release|Any CPU
		{9DF5093C-38DC-4EC7-9A0C-7D92433E59D2}.Release|Any CPU.Build.0 = Release|Any CPU
		{B0E27464-157E-4FE0-BD91-E86A423C76E4}.Debug|Any CPU.ActiveCfg = Debug|Any CPU
		{B0E27464-157E-4FE0-BD91-E86A423C76E4}.Debug|Any CPU.Build.0 = Debug|Any CPU
		{B0E27464-157E-4FE0-BD91-E86A423C76E4}.Release|Any CPU.ActiveCfg = Release|Any CPU
		{B0E27464-157E-4FE0-BD91-E86A423C76E4}.Release|Any CPU.Build.0 = Release|Any CPU
		{87AA9BD8-B91D-44EE-A58B-2991BA270338}.Debug|Any CPU.ActiveCfg = Debug|Any CPU
		{87AA9BD8-B91D-44EE-A58B-2991BA270338}.Debug|Any CPU.Build.0 = Debug|Any CPU
		{87AA9BD8-B91D-44EE-A58B-2991BA270338}.Release|Any CPU.ActiveCfg = Release|Any CPU
		{87AA9BD8-B91D-44EE-A58B-2991BA270338}.Release|Any CPU.Build.0 = Release|Any CPU
		{F59C7A57-7EB0-4114-8B86-E4779DA7D965}.Debug|Any CPU.ActiveCfg = Debug|Any CPU
		{F59C7A57-7EB0-4114-8B86-E4779DA7D965}.Debug|Any CPU.Build.0 = Debug|Any CPU
		{F59C7A57-7EB0-4114-8B86-E4779DA7D965}.Release|Any CPU.ActiveCfg = Release|Any CPU
		{F59C7A57-7EB0-4114-8B86-E4779DA7D965}.Release|Any CPU.Build.0 = Release|Any CPU
		{1590D7DA-B6AD-457A-A03A-956E10D44EB9}.Debug|Any CPU.ActiveCfg = Debug|Any CPU
		{1590D7DA-B6AD-457A-A03A-956E10D44EB9}.Debug|Any CPU.Build.0 = Debug|Any CPU
		{1590D7DA-B6AD-457A-A03A-956E10D44EB9}.Release|Any CPU.ActiveCfg = Release|Any CPU
		{1590D7DA-B6AD-457A-A03A-956E10D44EB9}.Release|Any CPU.Build.0 = Release|Any CPU
		{EC72130F-A869-4B6E-9C60-FFEF37AE372E}.Debug|Any CPU.ActiveCfg = Debug|Any CPU
		{EC72130F-A869-4B6E-9C60-FFEF37AE372E}.Debug|Any CPU.Build.0 = Debug|Any CPU
		{EC72130F-A869-4B6E-9C60-FFEF37AE372E}.Release|Any CPU.ActiveCfg = Release|Any CPU
		{EC72130F-A869-4B6E-9C60-FFEF37AE372E}.Release|Any CPU.Build.0 = Release|Any CPU
		{1502F59C-1B4F-40A7-9A97-08BA65E997EB}.Debug|Any CPU.ActiveCfg = Debug|Any CPU
		{1502F59C-1B4F-40A7-9A97-08BA65E997EB}.Debug|Any CPU.Build.0 = Debug|Any CPU
		{1502F59C-1B4F-40A7-9A97-08BA65E997EB}.Release|Any CPU.ActiveCfg = Release|Any CPU
		{1502F59C-1B4F-40A7-9A97-08BA65E997EB}.Release|Any CPU.Build.0 = Release|Any CPU
		{23106096-DEFD-4D38-8959-081E342D6918}.Debug|Any CPU.ActiveCfg = Debug|Any CPU
		{23106096-DEFD-4D38-8959-081E342D6918}.Debug|Any CPU.Build.0 = Debug|Any CPU
		{23106096-DEFD-4D38-8959-081E342D6918}.Release|Any CPU.ActiveCfg = Release|Any CPU
		{23106096-DEFD-4D38-8959-081E342D6918}.Release|Any CPU.Build.0 = Release|Any CPU
	EndGlobalSection
	GlobalSection(SolutionProperties) = preSolution
		HideSolutionNode = FALSE
	EndGlobalSection
	GlobalSection(NestedProjects) = preSolution
		{D7F84EF2-1325-4849-9F8D-4F569AAF425F} = {9A7EFAFD-96E8-4CC8-9694-38F3305B5D39}
		{C7D36C91-FDC9-40E5-9E68-C24F359686E7} = {D7F84EF2-1325-4849-9F8D-4F569AAF425F}
		{D9994AFF-0F26-4282-9EB0-8598A967C974} = {BD38B93F-E27E-45CF-AD25-947736DAD05B}
		{9DF5093C-38DC-4EC7-9A0C-7D92433E59D2} = {BD38B93F-E27E-45CF-AD25-947736DAD05B}
		{B0E27464-157E-4FE0-BD91-E86A423C76E4} = {BD38B93F-E27E-45CF-AD25-947736DAD05B}
		{87AA9BD8-B91D-44EE-A58B-2991BA270338} = {BD38B93F-E27E-45CF-AD25-947736DAD05B}
		{F59C7A57-7EB0-4114-8B86-E4779DA7D965} = {C7D36C91-FDC9-40E5-9E68-C24F359686E7}
		{1590D7DA-B6AD-457A-A03A-956E10D44EB9} = {C7D36C91-FDC9-40E5-9E68-C24F359686E7}
		{EC72130F-A869-4B6E-9C60-FFEF37AE372E} = {C7D36C91-FDC9-40E5-9E68-C24F359686E7}
		{1502F59C-1B4F-40A7-9A97-08BA65E997EB} = {C7D36C91-FDC9-40E5-9E68-C24F359686E7}
		{23106096-DEFD-4D38-8959-081E342D6918} = {9A7EFAFD-96E8-4CC8-9694-38F3305B5D39}
	EndGlobalSection
	GlobalSection(ExtensibilityGlobals) = postSolution
		SolutionGuid = {F03BE3FE-6D71-4163-90C0-4A2C8B4B30B6}
	EndGlobalSection
EndGlobal
